// !$*UTF8*$!
{
	archiveVersion = 1;
	classes = {
	};
	objectVersion = 48;
	objects = {

/* Begin PBXBuildFile section */
		4540191C2003B8F9001F252F /* LoginViewController.swift in Sources */ = {isa = PBXBuildFile; fileRef = 4540191B2003B8F9001F252F /* LoginViewController.swift */; };
		4540191E2003B909001F252F /* RegisterViewController.swift in Sources */ = {isa = PBXBuildFile; fileRef = 4540191D2003B909001F252F /* RegisterViewController.swift */; };
		454019202003B91E001F252F /* AboutViewController.swift in Sources */ = {isa = PBXBuildFile; fileRef = 4540191F2003B91E001F252F /* AboutViewController.swift */; };
		454019222003B988001F252F /* TabBarController.swift in Sources */ = {isa = PBXBuildFile; fileRef = 454019212003B988001F252F /* TabBarController.swift */; };
		454019242003BACB001F252F /* FeedTableViewController.swift in Sources */ = {isa = PBXBuildFile; fileRef = 454019232003BACB001F252F /* FeedTableViewController.swift */; };
		454019262003BADD001F252F /* GreetingViewController.swift in Sources */ = {isa = PBXBuildFile; fileRef = 454019252003BADD001F252F /* GreetingViewController.swift */; };
		454019282003BAED001F252F /* FilterViewController.swift in Sources */ = {isa = PBXBuildFile; fileRef = 454019272003BAED001F252F /* FilterViewController.swift */; };
		4540192A2003BB36001F252F /* GreetingTableViewCell.swift in Sources */ = {isa = PBXBuildFile; fileRef = 454019292003BB36001F252F /* GreetingTableViewCell.swift */; };
		4540192C2003BB5F001F252F /* TodayTableViewController.swift in Sources */ = {isa = PBXBuildFile; fileRef = 4540192B2003BB5F001F252F /* TodayTableViewController.swift */; };
		4540192E2003BB7B001F252F /* TodayTableViewCell.swift in Sources */ = {isa = PBXBuildFile; fileRef = 4540192D2003BB7B001F252F /* TodayTableViewCell.swift */; };
		454019302003BBC2001F252F /* AdjustsTableViewController.swift in Sources */ = {isa = PBXBuildFile; fileRef = 4540192F2003BBC2001F252F /* AdjustsTableViewController.swift */; };
		454019322003BBE6001F252F /* PorfileViewController.swift in Sources */ = {isa = PBXBuildFile; fileRef = 454019312003BBE6001F252F /* PorfileViewController.swift */; };
		454019372004119C001F252F /* User.swift in Sources */ = {isa = PBXBuildFile; fileRef = 454019362004119C001F252F /* User.swift */; };
		45401939200411A5001F252F /* Contact.swift in Sources */ = {isa = PBXBuildFile; fileRef = 45401938200411A5001F252F /* Contact.swift */; };
		4540193B200411BB001F252F /* Greeting.swift in Sources */ = {isa = PBXBuildFile; fileRef = 4540193A200411BB001F252F /* Greeting.swift */; };
		4540193E20041882001F252F /* Interaction.swift in Sources */ = {isa = PBXBuildFile; fileRef = 4540193D20041882001F252F /* Interaction.swift */; };
		4540194020041A28001F252F /* DataManagerProtocol.swift in Sources */ = {isa = PBXBuildFile; fileRef = 4540193F20041A28001F252F /* DataManagerProtocol.swift */; };
		4540194220041E8A001F252F /* UserDataManager.swift in Sources */ = {isa = PBXBuildFile; fileRef = 4540194120041E8A001F252F /* UserDataManager.swift */; };
		45401944200425F1001F252F /* ContactDataManager.swift in Sources */ = {isa = PBXBuildFile; fileRef = 45401943200425F1001F252F /* ContactDataManager.swift */; };
		4540194620042629001F252F /* GreetingDataManager.swift in Sources */ = {isa = PBXBuildFile; fileRef = 4540194520042629001F252F /* GreetingDataManager.swift */; };
		45401948200426AC001F252F /* InteractionDataManager.swift in Sources */ = {isa = PBXBuildFile; fileRef = 45401947200426AB001F252F /* InteractionDataManager.swift */; };
		4540194A2004287F001F252F /* PreferencesManager.swift in Sources */ = {isa = PBXBuildFile; fileRef = 454019492004287F001F252F /* PreferencesManager.swift */; };
		456A94B71FFDE23E00B6CA39 /* Feed.storyboard in Resources */ = {isa = PBXBuildFile; fileRef = 456A94B61FFDE23E00B6CA39 /* Feed.storyboard */; };
		456A94B91FFDE4CC00B6CA39 /* Today.storyboard in Resources */ = {isa = PBXBuildFile; fileRef = 456A94B81FFDE4CC00B6CA39 /* Today.storyboard */; };
		456A94BB1FFDE54C00B6CA39 /* Adjusts.storyboard in Resources */ = {isa = PBXBuildFile; fileRef = 456A94BA1FFDE54C00B6CA39 /* Adjusts.storyboard */; };
		456A94BD1FFDE58500B6CA39 /* Profile.storyboard in Resources */ = {isa = PBXBuildFile; fileRef = 456A94BC1FFDE58500B6CA39 /* Profile.storyboard */; };
		45AF01A01FFC65D300BFCA08 /* AppDelegate.swift in Sources */ = {isa = PBXBuildFile; fileRef = 45AF019F1FFC65D300BFCA08 /* AppDelegate.swift */; };
		45AF01A51FFC65D300BFCA08 /* Main.storyboard in Resources */ = {isa = PBXBuildFile; fileRef = 45AF01A31FFC65D300BFCA08 /* Main.storyboard */; };
		45AF01A81FFC65D300BFCA08 /* GoodMorningApp.xcdatamodeld in Sources */ = {isa = PBXBuildFile; fileRef = 45AF01A61FFC65D300BFCA08 /* GoodMorningApp.xcdatamodeld */; };
		45AF01AA1FFC65D300BFCA08 /* Assets.xcassets in Resources */ = {isa = PBXBuildFile; fileRef = 45AF01A91FFC65D300BFCA08 /* Assets.xcassets */; };
		45AF01AD1FFC65D300BFCA08 /* LaunchScreen.storyboard in Resources */ = {isa = PBXBuildFile; fileRef = 45AF01AB1FFC65D300BFCA08 /* LaunchScreen.storyboard */; };
		45AF01B81FFC65D300BFCA08 /* GoodMorningAppTests.swift in Sources */ = {isa = PBXBuildFile; fileRef = 45AF01B71FFC65D300BFCA08 /* GoodMorningAppTests.swift */; };
		45AF01C31FFC65D300BFCA08 /* GoodMorningAppUITests.swift in Sources */ = {isa = PBXBuildFile; fileRef = 45AF01C21FFC65D300BFCA08 /* GoodMorningAppUITests.swift */; };
/* End PBXBuildFile section */

/* Begin PBXContainerItemProxy section */
		45AF01B41FFC65D300BFCA08 /* PBXContainerItemProxy */ = {
			isa = PBXContainerItemProxy;
			containerPortal = 45AF01941FFC65D300BFCA08 /* Project object */;
			proxyType = 1;
			remoteGlobalIDString = 45AF019B1FFC65D300BFCA08;
			remoteInfo = GoodMorningApp;
		};
		45AF01BF1FFC65D300BFCA08 /* PBXContainerItemProxy */ = {
			isa = PBXContainerItemProxy;
			containerPortal = 45AF01941FFC65D300BFCA08 /* Project object */;
			proxyType = 1;
			remoteGlobalIDString = 45AF019B1FFC65D300BFCA08;
			remoteInfo = GoodMorningApp;
		};
/* End PBXContainerItemProxy section */

/* Begin PBXFileReference section */
		4540191B2003B8F9001F252F /* LoginViewController.swift */ = {isa = PBXFileReference; lastKnownFileType = sourcecode.swift; path = LoginViewController.swift; sourceTree = "<group>"; };
		4540191D2003B909001F252F /* RegisterViewController.swift */ = {isa = PBXFileReference; lastKnownFileType = sourcecode.swift; path = RegisterViewController.swift; sourceTree = "<group>"; };
		4540191F2003B91E001F252F /* AboutViewController.swift */ = {isa = PBXFileReference; lastKnownFileType = sourcecode.swift; path = AboutViewController.swift; sourceTree = "<group>"; };
		454019212003B988001F252F /* TabBarController.swift */ = {isa = PBXFileReference; lastKnownFileType = sourcecode.swift; path = TabBarController.swift; sourceTree = "<group>"; };
		454019232003BACB001F252F /* FeedTableViewController.swift */ = {isa = PBXFileReference; lastKnownFileType = sourcecode.swift; path = FeedTableViewController.swift; sourceTree = "<group>"; };
		454019252003BADD001F252F /* GreetingViewController.swift */ = {isa = PBXFileReference; lastKnownFileType = sourcecode.swift; path = GreetingViewController.swift; sourceTree = "<group>"; };
		454019272003BAED001F252F /* FilterViewController.swift */ = {isa = PBXFileReference; lastKnownFileType = sourcecode.swift; path = FilterViewController.swift; sourceTree = "<group>"; };
		454019292003BB36001F252F /* GreetingTableViewCell.swift */ = {isa = PBXFileReference; lastKnownFileType = sourcecode.swift; path = GreetingTableViewCell.swift; sourceTree = "<group>"; };
		4540192B2003BB5F001F252F /* TodayTableViewController.swift */ = {isa = PBXFileReference; lastKnownFileType = sourcecode.swift; path = TodayTableViewController.swift; sourceTree = "<group>"; };
		4540192D2003BB7B001F252F /* TodayTableViewCell.swift */ = {isa = PBXFileReference; lastKnownFileType = sourcecode.swift; path = TodayTableViewCell.swift; sourceTree = "<group>"; };
		4540192F2003BBC2001F252F /* AdjustsTableViewController.swift */ = {isa = PBXFileReference; lastKnownFileType = sourcecode.swift; path = AdjustsTableViewController.swift; sourceTree = "<group>"; };
		454019312003BBE6001F252F /* PorfileViewController.swift */ = {isa = PBXFileReference; lastKnownFileType = sourcecode.swift; path = PorfileViewController.swift; sourceTree = "<group>"; };
		454019362004119C001F252F /* User.swift */ = {isa = PBXFileReference; lastKnownFileType = sourcecode.swift; path = User.swift; sourceTree = "<group>"; };
		45401938200411A5001F252F /* Contact.swift */ = {isa = PBXFileReference; lastKnownFileType = sourcecode.swift; path = Contact.swift; sourceTree = "<group>"; };
		4540193A200411BB001F252F /* Greeting.swift */ = {isa = PBXFileReference; lastKnownFileType = sourcecode.swift; path = Greeting.swift; sourceTree = "<group>"; };
		4540193D20041882001F252F /* Interaction.swift */ = {isa = PBXFileReference; lastKnownFileType = sourcecode.swift; path = Interaction.swift; sourceTree = "<group>"; };
		4540193F20041A28001F252F /* DataManagerProtocol.swift */ = {isa = PBXFileReference; lastKnownFileType = sourcecode.swift; path = DataManagerProtocol.swift; sourceTree = "<group>"; };
		4540194120041E8A001F252F /* UserDataManager.swift */ = {isa = PBXFileReference; lastKnownFileType = sourcecode.swift; path = UserDataManager.swift; sourceTree = "<group>"; };
		45401943200425F1001F252F /* ContactDataManager.swift */ = {isa = PBXFileReference; lastKnownFileType = sourcecode.swift; path = ContactDataManager.swift; sourceTree = "<group>"; };
		4540194520042629001F252F /* GreetingDataManager.swift */ = {isa = PBXFileReference; lastKnownFileType = sourcecode.swift; path = GreetingDataManager.swift; sourceTree = "<group>"; };
		45401947200426AB001F252F /* InteractionDataManager.swift */ = {isa = PBXFileReference; lastKnownFileType = sourcecode.swift; path = InteractionDataManager.swift; sourceTree = "<group>"; };
		454019492004287F001F252F /* PreferencesManager.swift */ = {isa = PBXFileReference; lastKnownFileType = sourcecode.swift; path = PreferencesManager.swift; sourceTree = "<group>"; };
		456A94B61FFDE23E00B6CA39 /* Feed.storyboard */ = {isa = PBXFileReference; lastKnownFileType = file.storyboard; path = Feed.storyboard; sourceTree = "<group>"; };
		456A94B81FFDE4CC00B6CA39 /* Today.storyboard */ = {isa = PBXFileReference; lastKnownFileType = file.storyboard; path = Today.storyboard; sourceTree = "<group>"; };
		456A94BA1FFDE54C00B6CA39 /* Adjusts.storyboard */ = {isa = PBXFileReference; lastKnownFileType = file.storyboard; path = Adjusts.storyboard; sourceTree = "<group>"; };
		456A94BC1FFDE58500B6CA39 /* Profile.storyboard */ = {isa = PBXFileReference; lastKnownFileType = file.storyboard; path = Profile.storyboard; sourceTree = "<group>"; };
		45AF019C1FFC65D300BFCA08 /* GoodMorningApp.app */ = {isa = PBXFileReference; explicitFileType = wrapper.application; includeInIndex = 0; path = GoodMorningApp.app; sourceTree = BUILT_PRODUCTS_DIR; };
		45AF019F1FFC65D300BFCA08 /* AppDelegate.swift */ = {isa = PBXFileReference; lastKnownFileType = sourcecode.swift; path = AppDelegate.swift; sourceTree = "<group>"; };
		45AF01A41FFC65D300BFCA08 /* Base */ = {isa = PBXFileReference; lastKnownFileType = file.storyboard; name = Base; path = Base.lproj/Main.storyboard; sourceTree = "<group>"; };
		45AF01A71FFC65D300BFCA08 /* GoodMorningApp.xcdatamodel */ = {isa = PBXFileReference; lastKnownFileType = wrapper.xcdatamodel; path = GoodMorningApp.xcdatamodel; sourceTree = "<group>"; };
		45AF01A91FFC65D300BFCA08 /* Assets.xcassets */ = {isa = PBXFileReference; lastKnownFileType = folder.assetcatalog; path = Assets.xcassets; sourceTree = "<group>"; };
		45AF01AC1FFC65D300BFCA08 /* Base */ = {isa = PBXFileReference; lastKnownFileType = file.storyboard; name = Base; path = Base.lproj/LaunchScreen.storyboard; sourceTree = "<group>"; };
		45AF01AE1FFC65D300BFCA08 /* Info.plist */ = {isa = PBXFileReference; lastKnownFileType = text.plist.xml; path = Info.plist; sourceTree = "<group>"; };
		45AF01B31FFC65D300BFCA08 /* GoodMorningAppTests.xctest */ = {isa = PBXFileReference; explicitFileType = wrapper.cfbundle; includeInIndex = 0; path = GoodMorningAppTests.xctest; sourceTree = BUILT_PRODUCTS_DIR; };
		45AF01B71FFC65D300BFCA08 /* GoodMorningAppTests.swift */ = {isa = PBXFileReference; lastKnownFileType = sourcecode.swift; path = GoodMorningAppTests.swift; sourceTree = "<group>"; };
		45AF01B91FFC65D300BFCA08 /* Info.plist */ = {isa = PBXFileReference; lastKnownFileType = text.plist.xml; path = Info.plist; sourceTree = "<group>"; };
		45AF01BE1FFC65D300BFCA08 /* GoodMorningAppUITests.xctest */ = {isa = PBXFileReference; explicitFileType = wrapper.cfbundle; includeInIndex = 0; path = GoodMorningAppUITests.xctest; sourceTree = BUILT_PRODUCTS_DIR; };
		45AF01C21FFC65D300BFCA08 /* GoodMorningAppUITests.swift */ = {isa = PBXFileReference; lastKnownFileType = sourcecode.swift; path = GoodMorningAppUITests.swift; sourceTree = "<group>"; };
		45AF01C41FFC65D300BFCA08 /* Info.plist */ = {isa = PBXFileReference; lastKnownFileType = text.plist.xml; path = Info.plist; sourceTree = "<group>"; };
/* End PBXFileReference section */

/* Begin PBXFrameworksBuildPhase section */
		45AF01991FFC65D300BFCA08 /* Frameworks */ = {
			isa = PBXFrameworksBuildPhase;
			buildActionMask = 2147483647;
			files = (
			);
			runOnlyForDeploymentPostprocessing = 0;
		};
		45AF01B01FFC65D300BFCA08 /* Frameworks */ = {
			isa = PBXFrameworksBuildPhase;
			buildActionMask = 2147483647;
			files = (
			);
			runOnlyForDeploymentPostprocessing = 0;
		};
		45AF01BB1FFC65D300BFCA08 /* Frameworks */ = {
			isa = PBXFrameworksBuildPhase;
			buildActionMask = 2147483647;
			files = (
			);
			runOnlyForDeploymentPostprocessing = 0;
		};
/* End PBXFrameworksBuildPhase section */

/* Begin PBXGroup section */
		4540191620039F33001F252F /* Authentication */ = {
			isa = PBXGroup;
			children = (
				45AF01A31FFC65D300BFCA08 /* Main.storyboard */,
				4540191B2003B8F9001F252F /* LoginViewController.swift */,
				4540191D2003B909001F252F /* RegisterViewController.swift */,
				4540191F2003B91E001F252F /* AboutViewController.swift */,
				454019212003B988001F252F /* TabBarController.swift */,
			);
			path = Authentication;
			sourceTree = "<group>";
		};
		4540191720039F4A001F252F /* Feed */ = {
			isa = PBXGroup;
			children = (
				456A94B61FFDE23E00B6CA39 /* Feed.storyboard */,
				454019232003BACB001F252F /* FeedTableViewController.swift */,
				454019252003BADD001F252F /* GreetingViewController.swift */,
				454019272003BAED001F252F /* FilterViewController.swift */,
				454019292003BB36001F252F /* GreetingTableViewCell.swift */,
			);
			path = Feed;
			sourceTree = "<group>";
		};
		4540191820039F55001F252F /* Today */ = {
			isa = PBXGroup;
			children = (
				456A94B81FFDE4CC00B6CA39 /* Today.storyboard */,
				4540192B2003BB5F001F252F /* TodayTableViewController.swift */,
				4540192D2003BB7B001F252F /* TodayTableViewCell.swift */,
			);
			path = Today;
			sourceTree = "<group>";
		};
		4540191920039F5B001F252F /* Adjusts */ = {
			isa = PBXGroup;
			children = (
				456A94BA1FFDE54C00B6CA39 /* Adjusts.storyboard */,
				4540192F2003BBC2001F252F /* AdjustsTableViewController.swift */,
			);
			path = Adjusts;
			sourceTree = "<group>";
		};
		4540191A20039F64001F252F /* Profile */ = {
			isa = PBXGroup;
			children = (
				456A94BC1FFDE58500B6CA39 /* Profile.storyboard */,
				454019312003BBE6001F252F /* PorfileViewController.swift */,
			);
			path = Profile;
			sourceTree = "<group>";
		};
		454019332004114E001F252F /* Sections */ = {
			isa = PBXGroup;
			children = (
				4540191A20039F64001F252F /* Profile */,
				4540191920039F5B001F252F /* Adjusts */,
				4540191820039F55001F252F /* Today */,
				4540191720039F4A001F252F /* Feed */,
				4540191620039F33001F252F /* Authentication */,
			);
			path = Sections;
			sourceTree = "<group>";
		};
		454019342004117E001F252F /* Models */ = {
			isa = PBXGroup;
			children = (
				454019362004119C001F252F /* User.swift */,
				45401938200411A5001F252F /* Contact.swift */,
				4540193A200411BB001F252F /* Greeting.swift */,
				4540193D20041882001F252F /* Interaction.swift */,
			);
			path = Models;
			sourceTree = "<group>";
		};
		4540193520041185001F252F /* DataManagers */ = {
			isa = PBXGroup;
			children = (
				4540193F20041A28001F252F /* DataManagerProtocol.swift */,
				4540194120041E8A001F252F /* UserDataManager.swift */,
				45401943200425F1001F252F /* ContactDataManager.swift */,
				4540194520042629001F252F /* GreetingDataManager.swift */,
				45401947200426AB001F252F /* InteractionDataManager.swift */,
			);
			path = DataManagers;
			sourceTree = "<group>";
		};
		4540193C200411D0001F252F /* Utils */ = {
			isa = PBXGroup;
			children = (
				454019492004287F001F252F /* PreferencesManager.swift */,
			);
			path = Utils;
			sourceTree = "<group>";
		};
		45AF01931FFC65D300BFCA08 = {
			isa = PBXGroup;
			children = (
				45AF019E1FFC65D300BFCA08 /* GoodMorningApp */,
				45AF01B61FFC65D300BFCA08 /* GoodMorningAppTests */,
				45AF01C11FFC65D300BFCA08 /* GoodMorningAppUITests */,
				45AF019D1FFC65D300BFCA08 /* Products */,
			);
			sourceTree = "<group>";
		};
		45AF019D1FFC65D300BFCA08 /* Products */ = {
			isa = PBXGroup;
			children = (
				45AF019C1FFC65D300BFCA08 /* GoodMorningApp.app */,
				45AF01B31FFC65D300BFCA08 /* GoodMorningAppTests.xctest */,
				45AF01BE1FFC65D300BFCA08 /* GoodMorningAppUITests.xctest */,
			);
			name = Products;
			sourceTree = "<group>";
		};
		45AF019E1FFC65D300BFCA08 /* GoodMorningApp */ = {
			isa = PBXGroup;
			children = (
				4540193C200411D0001F252F /* Utils */,
				4540193520041185001F252F /* DataManagers */,
				454019342004117E001F252F /* Models */,
				454019332004114E001F252F /* Sections */,
				45AF019F1FFC65D300BFCA08 /* AppDelegate.swift */,
				45AF01A91FFC65D300BFCA08 /* Assets.xcassets */,
				45AF01AB1FFC65D300BFCA08 /* LaunchScreen.storyboard */,
				45AF01AE1FFC65D300BFCA08 /* Info.plist */,
				45AF01A61FFC65D300BFCA08 /* GoodMorningApp.xcdatamodeld */,
			);
			path = GoodMorningApp;
			sourceTree = "<group>";
		};
		45AF01B61FFC65D300BFCA08 /* GoodMorningAppTests */ = {
			isa = PBXGroup;
			children = (
				45AF01B71FFC65D300BFCA08 /* GoodMorningAppTests.swift */,
				45AF01B91FFC65D300BFCA08 /* Info.plist */,
			);
			path = GoodMorningAppTests;
			sourceTree = "<group>";
		};
		45AF01C11FFC65D300BFCA08 /* GoodMorningAppUITests */ = {
			isa = PBXGroup;
			children = (
				45AF01C21FFC65D300BFCA08 /* GoodMorningAppUITests.swift */,
				45AF01C41FFC65D300BFCA08 /* Info.plist */,
			);
			path = GoodMorningAppUITests;
			sourceTree = "<group>";
		};
/* End PBXGroup section */

/* Begin PBXNativeTarget section */
		45AF019B1FFC65D300BFCA08 /* GoodMorningApp */ = {
			isa = PBXNativeTarget;
			buildConfigurationList = 45AF01C71FFC65D300BFCA08 /* Build configuration list for PBXNativeTarget "GoodMorningApp" */;
			buildPhases = (
				45AF01981FFC65D300BFCA08 /* Sources */,
				45AF01991FFC65D300BFCA08 /* Frameworks */,
				45AF019A1FFC65D300BFCA08 /* Resources */,
			);
			buildRules = (
			);
			dependencies = (
			);
			name = GoodMorningApp;
			productName = GoodMorningApp;
			productReference = 45AF019C1FFC65D300BFCA08 /* GoodMorningApp.app */;
			productType = "com.apple.product-type.application";
		};
		45AF01B21FFC65D300BFCA08 /* GoodMorningAppTests */ = {
			isa = PBXNativeTarget;
			buildConfigurationList = 45AF01CA1FFC65D300BFCA08 /* Build configuration list for PBXNativeTarget "GoodMorningAppTests" */;
			buildPhases = (
				45AF01AF1FFC65D300BFCA08 /* Sources */,
				45AF01B01FFC65D300BFCA08 /* Frameworks */,
				45AF01B11FFC65D300BFCA08 /* Resources */,
			);
			buildRules = (
			);
			dependencies = (
				45AF01B51FFC65D300BFCA08 /* PBXTargetDependency */,
			);
			name = GoodMorningAppTests;
			productName = GoodMorningAppTests;
			productReference = 45AF01B31FFC65D300BFCA08 /* GoodMorningAppTests.xctest */;
			productType = "com.apple.product-type.bundle.unit-test";
		};
		45AF01BD1FFC65D300BFCA08 /* GoodMorningAppUITests */ = {
			isa = PBXNativeTarget;
			buildConfigurationList = 45AF01CD1FFC65D300BFCA08 /* Build configuration list for PBXNativeTarget "GoodMorningAppUITests" */;
			buildPhases = (
				45AF01BA1FFC65D300BFCA08 /* Sources */,
				45AF01BB1FFC65D300BFCA08 /* Frameworks */,
				45AF01BC1FFC65D300BFCA08 /* Resources */,
			);
			buildRules = (
			);
			dependencies = (
				45AF01C01FFC65D300BFCA08 /* PBXTargetDependency */,
			);
			name = GoodMorningAppUITests;
			productName = GoodMorningAppUITests;
			productReference = 45AF01BE1FFC65D300BFCA08 /* GoodMorningAppUITests.xctest */;
			productType = "com.apple.product-type.bundle.ui-testing";
		};
/* End PBXNativeTarget section */

/* Begin PBXProject section */
		45AF01941FFC65D300BFCA08 /* Project object */ = {
			isa = PBXProject;
			attributes = {
				LastSwiftUpdateCheck = 0920;
				LastUpgradeCheck = 0920;
				ORGANIZATIONNAME = "Renan Soares Germano";
				TargetAttributes = {
					45AF019B1FFC65D300BFCA08 = {
						CreatedOnToolsVersion = 9.2;
						ProvisioningStyle = Automatic;
					};
					45AF01B21FFC65D300BFCA08 = {
						CreatedOnToolsVersion = 9.2;
						ProvisioningStyle = Automatic;
						TestTargetID = 45AF019B1FFC65D300BFCA08;
					};
					45AF01BD1FFC65D300BFCA08 = {
						CreatedOnToolsVersion = 9.2;
						ProvisioningStyle = Automatic;
						TestTargetID = 45AF019B1FFC65D300BFCA08;
					};
				};
			};
			buildConfigurationList = 45AF01971FFC65D300BFCA08 /* Build configuration list for PBXProject "GoodMorningApp" */;
			compatibilityVersion = "Xcode 8.0";
			developmentRegion = en;
			hasScannedForEncodings = 0;
			knownRegions = (
				en,
				Base,
			);
			mainGroup = 45AF01931FFC65D300BFCA08;
			productRefGroup = 45AF019D1FFC65D300BFCA08 /* Products */;
			projectDirPath = "";
			projectRoot = "";
			targets = (
				45AF019B1FFC65D300BFCA08 /* GoodMorningApp */,
				45AF01B21FFC65D300BFCA08 /* GoodMorningAppTests */,
				45AF01BD1FFC65D300BFCA08 /* GoodMorningAppUITests */,
			);
		};
/* End PBXProject section */

/* Begin PBXResourcesBuildPhase section */
		45AF019A1FFC65D300BFCA08 /* Resources */ = {
			isa = PBXResourcesBuildPhase;
			buildActionMask = 2147483647;
			files = (
				45AF01AD1FFC65D300BFCA08 /* LaunchScreen.storyboard in Resources */,
				45AF01AA1FFC65D300BFCA08 /* Assets.xcassets in Resources */,
				456A94BD1FFDE58500B6CA39 /* Profile.storyboard in Resources */,
				45AF01A51FFC65D300BFCA08 /* Main.storyboard in Resources */,
				456A94B71FFDE23E00B6CA39 /* Feed.storyboard in Resources */,
				456A94B91FFDE4CC00B6CA39 /* Today.storyboard in Resources */,
				456A94BB1FFDE54C00B6CA39 /* Adjusts.storyboard in Resources */,
			);
			runOnlyForDeploymentPostprocessing = 0;
		};
		45AF01B11FFC65D300BFCA08 /* Resources */ = {
			isa = PBXResourcesBuildPhase;
			buildActionMask = 2147483647;
			files = (
			);
			runOnlyForDeploymentPostprocessing = 0;
		};
		45AF01BC1FFC65D300BFCA08 /* Resources */ = {
			isa = PBXResourcesBuildPhase;
			buildActionMask = 2147483647;
			files = (
			);
			runOnlyForDeploymentPostprocessing = 0;
		};
/* End PBXResourcesBuildPhase section */

/* Begin PBXSourcesBuildPhase section */
		45AF01981FFC65D300BFCA08 /* Sources */ = {
			isa = PBXSourcesBuildPhase;
			buildActionMask = 2147483647;
			files = (
				4540194A2004287F001F252F /* PreferencesManager.swift in Sources */,
				4540194620042629001F252F /* GreetingDataManager.swift in Sources */,
				4540194020041A28001F252F /* DataManagerProtocol.swift in Sources */,
				454019202003B91E001F252F /* AboutViewController.swift in Sources */,
				4540191C2003B8F9001F252F /* LoginViewController.swift in Sources */,
				4540191E2003B909001F252F /* RegisterViewController.swift in Sources */,
				454019242003BACB001F252F /* FeedTableViewController.swift in Sources */,
				45401939200411A5001F252F /* Contact.swift in Sources */,
				45401944200425F1001F252F /* ContactDataManager.swift in Sources */,
				454019282003BAED001F252F /* FilterViewController.swift in Sources */,
				4540193E20041882001F252F /* Interaction.swift in Sources */,
				4540192C2003BB5F001F252F /* TodayTableViewController.swift in Sources */,
				4540193B200411BB001F252F /* Greeting.swift in Sources */,
				45AF01A81FFC65D300BFCA08 /* GoodMorningApp.xcdatamodeld in Sources */,
				45401948200426AC001F252F /* InteractionDataManager.swift in Sources */,
				454019222003B988001F252F /* TabBarController.swift in Sources */,
				4540194220041E8A001F252F /* UserDataManager.swift in Sources */,
				454019372004119C001F252F /* User.swift in Sources */,
				4540192A2003BB36001F252F /* GreetingTableViewCell.swift in Sources */,
				454019302003BBC2001F252F /* AdjustsTableViewController.swift in Sources */,
				454019262003BADD001F252F /* GreetingViewController.swift in Sources */,
				454019322003BBE6001F252F /* PorfileViewController.swift in Sources */,
				45AF01A01FFC65D300BFCA08 /* AppDelegate.swift in Sources */,
				4540192E2003BB7B001F252F /* TodayTableViewCell.swift in Sources */,
			);
			runOnlyForDeploymentPostprocessing = 0;
		};
		45AF01AF1FFC65D300BFCA08 /* Sources */ = {
			isa = PBXSourcesBuildPhase;
			buildActionMask = 2147483647;
			files = (
				45AF01B81FFC65D300BFCA08 /* GoodMorningAppTests.swift in Sources */,
			);
			runOnlyForDeploymentPostprocessing = 0;
		};
		45AF01BA1FFC65D300BFCA08 /* Sources */ = {
			isa = PBXSourcesBuildPhase;
			buildActionMask = 2147483647;
			files = (
				45AF01C31FFC65D300BFCA08 /* GoodMorningAppUITests.swift in Sources */,
			);
			runOnlyForDeploymentPostprocessing = 0;
		};
/* End PBXSourcesBuildPhase section */

/* Begin PBXTargetDependency section */
		45AF01B51FFC65D300BFCA08 /* PBXTargetDependency */ = {
			isa = PBXTargetDependency;
			target = 45AF019B1FFC65D300BFCA08 /* GoodMorningApp */;
			targetProxy = 45AF01B41FFC65D300BFCA08 /* PBXContainerItemProxy */;
		};
		45AF01C01FFC65D300BFCA08 /* PBXTargetDependency */ = {
			isa = PBXTargetDependency;
			target = 45AF019B1FFC65D300BFCA08 /* GoodMorningApp */;
			targetProxy = 45AF01BF1FFC65D300BFCA08 /* PBXContainerItemProxy */;
		};
/* End PBXTargetDependency section */

/* Begin PBXVariantGroup section */
		45AF01A31FFC65D300BFCA08 /* Main.storyboard */ = {
			isa = PBXVariantGroup;
			children = (
				45AF01A41FFC65D300BFCA08 /* Base */,
			);
			name = Main.storyboard;
			sourceTree = "<group>";
		};
		45AF01AB1FFC65D300BFCA08 /* LaunchScreen.storyboard */ = {
			isa = PBXVariantGroup;
			children = (
				45AF01AC1FFC65D300BFCA08 /* Base */,
			);
			name = LaunchScreen.storyboard;
			sourceTree = "<group>";
		};
/* End PBXVariantGroup section */

/* Begin XCBuildConfiguration section */
		45AF01C51FFC65D300BFCA08 /* Debug */ = {
			isa = XCBuildConfiguration;
			buildSettings = {
				ALWAYS_SEARCH_USER_PATHS = NO;
				CLANG_ANALYZER_NONNULL = YES;
				CLANG_ANALYZER_NUMBER_OBJECT_CONVERSION = YES_AGGRESSIVE;
				CLANG_CXX_LANGUAGE_STANDARD = "gnu++14";
				CLANG_CXX_LIBRARY = "libc++";
				CLANG_ENABLE_MODULES = YES;
				CLANG_ENABLE_OBJC_ARC = YES;
				CLANG_WARN_BLOCK_CAPTURE_AUTORELEASING = YES;
				CLANG_WARN_BOOL_CONVERSION = YES;
				CLANG_WARN_COMMA = YES;
				CLANG_WARN_CONSTANT_CONVERSION = YES;
				CLANG_WARN_DIRECT_OBJC_ISA_USAGE = YES_ERROR;
				CLANG_WARN_DOCUMENTATION_COMMENTS = YES;
				CLANG_WARN_EMPTY_BODY = YES;
				CLANG_WARN_ENUM_CONVERSION = YES;
				CLANG_WARN_INFINITE_RECURSION = YES;
				CLANG_WARN_INT_CONVERSION = YES;
				CLANG_WARN_NON_LITERAL_NULL_CONVERSION = YES;
				CLANG_WARN_OBJC_LITERAL_CONVERSION = YES;
				CLANG_WARN_OBJC_ROOT_CLASS = YES_ERROR;
				CLANG_WARN_RANGE_LOOP_ANALYSIS = YES;
				CLANG_WARN_STRICT_PROTOTYPES = YES;
				CLANG_WARN_SUSPICIOUS_MOVE = YES;
				CLANG_WARN_UNGUARDED_AVAILABILITY = YES_AGGRESSIVE;
				CLANG_WARN_UNREACHABLE_CODE = YES;
				CLANG_WARN__DUPLICATE_METHOD_MATCH = YES;
				CODE_SIGN_IDENTITY = "iPhone Developer";
				COPY_PHASE_STRIP = NO;
				DEBUG_INFORMATION_FORMAT = dwarf;
				ENABLE_STRICT_OBJC_MSGSEND = YES;
				ENABLE_TESTABILITY = YES;
				GCC_C_LANGUAGE_STANDARD = gnu11;
				GCC_DYNAMIC_NO_PIC = NO;
				GCC_NO_COMMON_BLOCKS = YES;
				GCC_OPTIMIZATION_LEVEL = 0;
				GCC_PREPROCESSOR_DEFINITIONS = (
					"DEBUG=1",
					"$(inherited)",
				);
				GCC_WARN_64_TO_32_BIT_CONVERSION = YES;
				GCC_WARN_ABOUT_RETURN_TYPE = YES_ERROR;
				GCC_WARN_UNDECLARED_SELECTOR = YES;
				GCC_WARN_UNINITIALIZED_AUTOS = YES_AGGRESSIVE;
				GCC_WARN_UNUSED_FUNCTION = YES;
				GCC_WARN_UNUSED_VARIABLE = YES;
				IPHONEOS_DEPLOYMENT_TARGET = 11.2;
				MTL_ENABLE_DEBUG_INFO = YES;
				ONLY_ACTIVE_ARCH = YES;
				SDKROOT = iphoneos;
				SWIFT_ACTIVE_COMPILATION_CONDITIONS = DEBUG;
				SWIFT_OPTIMIZATION_LEVEL = "-Onone";
			};
			name = Debug;
		};
		45AF01C61FFC65D300BFCA08 /* Release */ = {
			isa = XCBuildConfiguration;
			buildSettings = {
				ALWAYS_SEARCH_USER_PATHS = NO;
				CLANG_ANALYZER_NONNULL = YES;
				CLANG_ANALYZER_NUMBER_OBJECT_CONVERSION = YES_AGGRESSIVE;
				CLANG_CXX_LANGUAGE_STANDARD = "gnu++14";
				CLANG_CXX_LIBRARY = "libc++";
				CLANG_ENABLE_MODULES = YES;
				CLANG_ENABLE_OBJC_ARC = YES;
				CLANG_WARN_BLOCK_CAPTURE_AUTORELEASING = YES;
				CLANG_WARN_BOOL_CONVERSION = YES;
				CLANG_WARN_COMMA = YES;
				CLANG_WARN_CONSTANT_CONVERSION = YES;
				CLANG_WARN_DIRECT_OBJC_ISA_USAGE = YES_ERROR;
				CLANG_WARN_DOCUMENTATION_COMMENTS = YES;
				CLANG_WARN_EMPTY_BODY = YES;
				CLANG_WARN_ENUM_CONVERSION = YES;
				CLANG_WARN_INFINITE_RECURSION = YES;
				CLANG_WARN_INT_CONVERSION = YES;
				CLANG_WARN_NON_LITERAL_NULL_CONVERSION = YES;
				CLANG_WARN_OBJC_LITERAL_CONVERSION = YES;
				CLANG_WARN_OBJC_ROOT_CLASS = YES_ERROR;
				CLANG_WARN_RANGE_LOOP_ANALYSIS = YES;
				CLANG_WARN_STRICT_PROTOTYPES = YES;
				CLANG_WARN_SUSPICIOUS_MOVE = YES;
				CLANG_WARN_UNGUARDED_AVAILABILITY = YES_AGGRESSIVE;
				CLANG_WARN_UNREACHABLE_CODE = YES;
				CLANG_WARN__DUPLICATE_METHOD_MATCH = YES;
				CODE_SIGN_IDENTITY = "iPhone Developer";
				COPY_PHASE_STRIP = NO;
				DEBUG_INFORMATION_FORMAT = "dwarf-with-dsym";
				ENABLE_NS_ASSERTIONS = NO;
				ENABLE_STRICT_OBJC_MSGSEND = YES;
				GCC_C_LANGUAGE_STANDARD = gnu11;
				GCC_NO_COMMON_BLOCKS = YES;
				GCC_WARN_64_TO_32_BIT_CONVERSION = YES;
				GCC_WARN_ABOUT_RETURN_TYPE = YES_ERROR;
				GCC_WARN_UNDECLARED_SELECTOR = YES;
				GCC_WARN_UNINITIALIZED_AUTOS = YES_AGGRESSIVE;
				GCC_WARN_UNUSED_FUNCTION = YES;
				GCC_WARN_UNUSED_VARIABLE = YES;
				IPHONEOS_DEPLOYMENT_TARGET = 11.2;
				MTL_ENABLE_DEBUG_INFO = NO;
				SDKROOT = iphoneos;
				SWIFT_OPTIMIZATION_LEVEL = "-Owholemodule";
				VALIDATE_PRODUCT = YES;
			};
			name = Release;
		};
		45AF01C81FFC65D300BFCA08 /* Debug */ = {
			isa = XCBuildConfiguration;
			buildSettings = {
				ASSETCATALOG_COMPILER_APPICON_NAME = AppIcon;
				CODE_SIGN_STYLE = Automatic;
				DEVELOPMENT_TEAM = C45KF93FKW;
				INFOPLIST_FILE = GoodMorningApp/Info.plist;
				LD_RUNPATH_SEARCH_PATHS = "$(inherited) @executable_path/Frameworks";
				PRODUCT_BUNDLE_IDENTIFIER = com.mackmobile.GoodMorningApp;
				PRODUCT_NAME = "$(TARGET_NAME)";
				SWIFT_VERSION = 4.0;
				TARGETED_DEVICE_FAMILY = "1,2";
			};
			name = Debug;
		};
		45AF01C91FFC65D300BFCA08 /* Release */ = {
			isa = XCBuildConfiguration;
			buildSettings = {
				ASSETCATALOG_COMPILER_APPICON_NAME = AppIcon;
				CODE_SIGN_STYLE = Automatic;
				DEVELOPMENT_TEAM = C45KF93FKW;
				INFOPLIST_FILE = GoodMorningApp/Info.plist;
				LD_RUNPATH_SEARCH_PATHS = "$(inherited) @executable_path/Frameworks";
				PRODUCT_BUNDLE_IDENTIFIER = com.mackmobile.GoodMorningApp;
				PRODUCT_NAME = "$(TARGET_NAME)";
				SWIFT_VERSION = 4.0;
				TARGETED_DEVICE_FAMILY = "1,2";
			};
			name = Release;
		};
		45AF01CB1FFC65D300BFCA08 /* Debug */ = {
			isa = XCBuildConfiguration;
			buildSettings = {
				ALWAYS_EMBED_SWIFT_STANDARD_LIBRARIES = YES;
				BUNDLE_LOADER = "$(TEST_HOST)";
				CODE_SIGN_STYLE = Automatic;
				DEVELOPMENT_TEAM = C45KF93FKW;
				INFOPLIST_FILE = GoodMorningAppTests/Info.plist;
				LD_RUNPATH_SEARCH_PATHS = "$(inherited) @executable_path/Frameworks @loader_path/Frameworks";
				PRODUCT_BUNDLE_IDENTIFIER = com.mackmobile.GoodMorningAppTests;
				PRODUCT_NAME = "$(TARGET_NAME)";
				SWIFT_VERSION = 4.0;
				TARGETED_DEVICE_FAMILY = "1,2";
				TEST_HOST = "$(BUILT_PRODUCTS_DIR)/GoodMorningApp.app/GoodMorningApp";
			};
			name = Debug;
		};
		45AF01CC1FFC65D300BFCA08 /* Release */ = {
			isa = XCBuildConfiguration;
			buildSettings = {
				ALWAYS_EMBED_SWIFT_STANDARD_LIBRARIES = YES;
				BUNDLE_LOADER = "$(TEST_HOST)";
				CODE_SIGN_STYLE = Automatic;
				DEVELOPMENT_TEAM = C45KF93FKW;
				INFOPLIST_FILE = GoodMorningAppTests/Info.plist;
				LD_RUNPATH_SEARCH_PATHS = "$(inherited) @executable_path/Frameworks @loader_path/Frameworks";
				PRODUCT_BUNDLE_IDENTIFIER = com.mackmobile.GoodMorningAppTests;
				PRODUCT_NAME = "$(TARGET_NAME)";
				SWIFT_VERSION = 4.0;
				TARGETED_DEVICE_FAMILY = "1,2";
				TEST_HOST = "$(BUILT_PRODUCTS_DIR)/GoodMorningApp.app/GoodMorningApp";
			};
			name = Release;
		};
		45AF01CE1FFC65D300BFCA08 /* Debug */ = {
			isa = XCBuildConfiguration;
			buildSettings = {
				ALWAYS_EMBED_SWIFT_STANDARD_LIBRARIES = YES;
				CODE_SIGN_STYLE = Automatic;
				DEVELOPMENT_TEAM = C45KF93FKW;
				INFOPLIST_FILE = GoodMorningAppUITests/Info.plist;
				LD_RUNPATH_SEARCH_PATHS = "$(inherited) @executable_path/Frameworks @loader_path/Frameworks";
				PRODUCT_BUNDLE_IDENTIFIER = com.mackmobile.GoodMorningAppUITests;
				PRODUCT_NAME = "$(TARGET_NAME)";
				SWIFT_VERSION = 4.0;
				TARGETED_DEVICE_FAMILY = "1,2";
				TEST_TARGET_NAME = GoodMorningApp;
			};
			name = Debug;
		};
		45AF01CF1FFC65D300BFCA08 /* Release */ = {
			isa = XCBuildConfiguration;
			buildSettings = {
				ALWAYS_EMBED_SWIFT_STANDARD_LIBRARIES = YES;
				CODE_SIGN_STYLE = Automatic;
				DEVELOPMENT_TEAM = C45KF93FKW;
				INFOPLIST_FILE = GoodMorningAppUITests/Info.plist;
				LD_RUNPATH_SEARCH_PATHS = "$(inherited) @executable_path/Frameworks @loader_path/Frameworks";
				PRODUCT_BUNDLE_IDENTIFIER = com.mackmobile.GoodMorningAppUITests;
				PRODUCT_NAME = "$(TARGET_NAME)";
				SWIFT_VERSION = 4.0;
				TARGETED_DEVICE_FAMILY = "1,2";
				TEST_TARGET_NAME = GoodMorningApp;
			};
			name = Release;
		};
/* End XCBuildConfiguration section */

/* Begin XCConfigurationList section */
		45AF01971FFC65D300BFCA08 /* Build configuration list for PBXProject "GoodMorningApp" */ = {
			isa = XCConfigurationList;
			buildConfigurations = (
				45AF01C51FFC65D300BFCA08 /* Debug */,
				45AF01C61FFC65D300BFCA08 /* Release */,
			);
			defaultConfigurationIsVisible = 0;
			defaultConfigurationName = Release;
		};
		45AF01C71FFC65D300BFCA08 /* Build configuration list for PBXNativeTarget "GoodMorningApp" */ = {
			isa = XCConfigurationList;
			buildConfigurations = (
				45AF01C81FFC65D300BFCA08 /* Debug */,
				45AF01C91FFC65D300BFCA08 /* Release */,
			);
			defaultConfigurationIsVisible = 0;
			defaultConfigurationName = Release;
		};
		45AF01CA1FFC65D300BFCA08 /* Build configuration list for PBXNativeTarget "GoodMorningAppTests" */ = {
			isa = XCConfigurationList;
			buildConfigurations = (
				45AF01CB1FFC65D300BFCA08 /* Debug */,
				45AF01CC1FFC65D300BFCA08 /* Release */,
			);
			defaultConfigurationIsVisible = 0;
			defaultConfigurationName = Release;
		};
		45AF01CD1FFC65D300BFCA08 /* Build configuration list for PBXNativeTarget "GoodMorningAppUITests" */ = {
			isa = XCConfigurationList;
			buildConfigurations = (
				45AF01CE1FFC65D300BFCA08 /* Debug */,
				45AF01CF1FFC65D300BFCA08 /* Release */,
			);
			defaultConfigurationIsVisible = 0;
			defaultConfigurationName = Release;
		};
/* End XCConfigurationList section */

/* Begin XCVersionGroup section */
		45AF01A61FFC65D300BFCA08 /* GoodMorningApp.xcdatamodeld */ = {
			isa = XCVersionGroup;
			children = (
				45AF01A71FFC65D300BFCA08 /* GoodMorningApp.xcdatamodel */,
			);
			currentVersion = 45AF01A71FFC65D300BFCA08 /* GoodMorningApp.xcdatamodel */;
			path = GoodMorningApp.xcdatamodeld;
			sourceTree = "<group>";
			versionGroupType = wrapper.xcdatamodel;
		};
/* End XCVersionGroup section */
	};
	rootObject = 45AF01941FFC65D300BFCA08 /* Project object */;
}
